
Microsoft Visual Studio Solution File, Format Version 12.00
# Visual Studio Version 16
VisualStudioVersion = 16.0.30114.105
MinimumVisualStudioVersion = 10.0.40219.1
Project("{2150E333-8FDC-42A3-9474-1A3956D46DE8}") = "src", "src", "{6F8CD331-308C-49F5-8774-ADB1BC80DE79}"
EndProject
Project("{FAE04EC0-301F-11D3-BF4B-00C04F79EFBC}") = "LoginAPI", "src\LoginAPI\LoginAPI.csproj", "{E08188AD-314C-458C-A15A-DB3B4118DE74}"
EndProject
Project("{FAE04EC0-301F-11D3-BF4B-00C04F79EFBC}") = "IoC", "src\IoC\IoC.csproj", "{F3E53695-FB00-4412-AE92-853096A6B822}"
EndProject
Project("{2150E333-8FDC-42A3-9474-1A3956D46DE8}") = "application", "application", "{47DC8F18-970B-4F0E-AB14-1672C71D98E0}"
EndProject
Project("{FAE04EC0-301F-11D3-BF4B-00C04F79EFBC}") = "LoginAPI.Api", "src\application\LoginAPI.Api\LoginAPI.Api.csproj", "{7C440E9E-1A1D-46DC-A310-9DDCAF76E42A}"
EndProject
Project("{FAE04EC0-301F-11D3-BF4B-00C04F79EFBC}") = "LoginAPI.Dtos", "src\application\LoginAPI.Dtos\LoginAPI.Dtos.csproj", "{102191AE-0866-44DF-907E-ED49F4FB69DC}"
EndProject
Project("{FAE04EC0-301F-11D3-BF4B-00C04F79EFBC}") = "LoginAPI.Services", "src\application\LoginAPI.Services\LoginAPI.Services.csproj", "{0B06786E-00D8-4FB1-930E-ED9C73841294}"
EndProject
Project("{2150E333-8FDC-42A3-9474-1A3956D46DE8}") = "domain", "domain", "{30849A46-F601-4CE9-B261-14F71B534FAA}"
EndProject
Project("{FAE04EC0-301F-11D3-BF4B-00C04F79EFBC}") = "LoginAPI.Entities", "src\domain\LoginAPI.Entities\LoginAPI.Entities.csproj", "{F578F885-E3BF-4F20-B8BF-CE9F11D743BE}"
EndProject
Project("{2150E333-8FDC-42A3-9474-1A3956D46DE8}") = "infrastructure", "infrastructure", "{26D8E59E-C72E-4DDB-B522-ED2A4D67EA23}"
EndProject
Project("{FAE04EC0-301F-11D3-BF4B-00C04F79EFBC}") = "LoginAPI.Persistence", "src\infrastructure\LoginAPI.Persistence\LoginAPI.Persistence.csproj", "{5009C202-50E0-4DA3-AC82-B9A8C3B8C4E0}"
EndProject
Global
	GlobalSection(SolutionConfigurationPlatforms) = preSolution
		Debug|Any CPU = Debug|Any CPU
		Debug|x64 = Debug|x64
		Debug|x86 = Debug|x86
		Release|Any CPU = Release|Any CPU
		Release|x64 = Release|x64
		Release|x86 = Release|x86
	EndGlobalSection
	GlobalSection(SolutionProperties) = preSolution
		HideSolutionNode = FALSE
	EndGlobalSection
	GlobalSection(ProjectConfigurationPlatforms) = postSolution
		{E08188AD-314C-458C-A15A-DB3B4118DE74}.Debug|Any CPU.ActiveCfg = Debug|Any CPU
		{E08188AD-314C-458C-A15A-DB3B4118DE74}.Debug|Any CPU.Build.0 = Debug|Any CPU
		{E08188AD-314C-458C-A15A-DB3B4118DE74}.Debug|x64.ActiveCfg = Debug|Any CPU
		{E08188AD-314C-458C-A15A-DB3B4118DE74}.Debug|x64.Build.0 = Debug|Any CPU
		{E08188AD-314C-458C-A15A-DB3B4118DE74}.Debug|x86.ActiveCfg = Debug|Any CPU
		{E08188AD-314C-458C-A15A-DB3B4118DE74}.Debug|x86.Build.0 = Debug|Any CPU
		{E08188AD-314C-458C-A15A-DB3B4118DE74}.Release|Any CPU.ActiveCfg = Release|Any CPU
		{E08188AD-314C-458C-A15A-DB3B4118DE74}.Release|Any CPU.Build.0 = Release|Any CPU
		{E08188AD-314C-458C-A15A-DB3B4118DE74}.Release|x64.ActiveCfg = Release|Any CPU
		{E08188AD-314C-458C-A15A-DB3B4118DE74}.Release|x64.Build.0 = Release|Any CPU
		{E08188AD-314C-458C-A15A-DB3B4118DE74}.Release|x86.ActiveCfg = Release|Any CPU
		{E08188AD-314C-458C-A15A-DB3B4118DE74}.Release|x86.Build.0 = Release|Any CPU
		{F3E53695-FB00-4412-AE92-853096A6B822}.Debug|Any CPU.ActiveCfg = Debug|Any CPU
		{F3E53695-FB00-4412-AE92-853096A6B822}.Debug|Any CPU.Build.0 = Debug|Any CPU
		{F3E53695-FB00-4412-AE92-853096A6B822}.Debug|x64.ActiveCfg = Debug|Any CPU
		{F3E53695-FB00-4412-AE92-853096A6B822}.Debug|x64.Build.0 = Debug|Any CPU
		{F3E53695-FB00-4412-AE92-853096A6B822}.Debug|x86.ActiveCfg = Debug|Any CPU
		{F3E53695-FB00-4412-AE92-853096A6B822}.Debug|x86.Build.0 = Debug|Any CPU
		{F3E53695-FB00-4412-AE92-853096A6B822}.Release|Any CPU.ActiveCfg = Release|Any CPU
		{F3E53695-FB00-4412-AE92-853096A6B822}.Release|Any CPU.Build.0 = Release|Any CPU
		{F3E53695-FB00-4412-AE92-853096A6B822}.Release|x64.ActiveCfg = Release|Any CPU
		{F3E53695-FB00-4412-AE92-853096A6B822}.Release|x64.Build.0 = Release|Any CPU
		{F3E53695-FB00-4412-AE92-853096A6B822}.Release|x86.ActiveCfg = Release|Any CPU
		{F3E53695-FB00-4412-AE92-853096A6B822}.Release|x86.Build.0 = Release|Any CPU
		{7C440E9E-1A1D-46DC-A310-9DDCAF76E42A}.Debug|Any CPU.ActiveCfg = Debug|Any CPU
		{7C440E9E-1A1D-46DC-A310-9DDCAF76E42A}.Debug|Any CPU.Build.0 = Debug|Any CPU
		{7C440E9E-1A1D-46DC-A310-9DDCAF76E42A}.Debug|x64.ActiveCfg = Debug|Any CPU
		{7C440E9E-1A1D-46DC-A310-9DDCAF76E42A}.Debug|x64.Build.0 = Debug|Any CPU
		{7C440E9E-1A1D-46DC-A310-9DDCAF76E42A}.Debug|x86.ActiveCfg = Debug|Any CPU
		{7C440E9E-1A1D-46DC-A310-9DDCAF76E42A}.Debug|x86.Build.0 = Debug|Any CPU
		{7C440E9E-1A1D-46DC-A310-9DDCAF76E42A}.Release|Any CPU.ActiveCfg = Release|Any CPU
		{7C440E9E-1A1D-46DC-A310-9DDCAF76E42A}.Release|Any CPU.Build.0 = Release|Any CPU
		{7C440E9E-1A1D-46DC-A310-9DDCAF76E42A}.Release|x64.ActiveCfg = Release|Any CPU
		{7C440E9E-1A1D-46DC-A310-9DDCAF76E42A}.Release|x64.Build.0 = Release|Any CPU
		{7C440E9E-1A1D-46DC-A310-9DDCAF76E42A}.Release|x86.ActiveCfg = Release|Any CPU
		{7C440E9E-1A1D-46DC-A310-9DDCAF76E42A}.Release|x86.Build.0 = Release|Any CPU
		{102191AE-0866-44DF-907E-ED49F4FB69DC}.Debug|Any CPU.ActiveCfg = Debug|Any CPU
		{102191AE-0866-44DF-907E-ED49F4FB69DC}.Debug|Any CPU.Build.0 = Debug|Any CPU
		{102191AE-0866-44DF-907E-ED49F4FB69DC}.Debug|x64.ActiveCfg = Debug|Any CPU
		{102191AE-0866-44DF-907E-ED49F4FB69DC}.Debug|x64.Build.0 = Debug|Any CPU
		{102191AE-0866-44DF-907E-ED49F4FB69DC}.Debug|x86.ActiveCfg = Debug|Any CPU
		{102191AE-0866-44DF-907E-ED49F4FB69DC}.Debug|x86.Build.0 = Debug|Any CPU
		{102191AE-0866-44DF-907E-ED49F4FB69DC}.Release|Any CPU.ActiveCfg = Release|Any CPU
		{102191AE-0866-44DF-907E-ED49F4FB69DC}.Release|Any CPU.Build.0 = Release|Any CPU
		{102191AE-0866-44DF-907E-ED49F4FB69DC}.Release|x64.ActiveCfg = Release|Any CPU
		{102191AE-0866-44DF-907E-ED49F4FB69DC}.Release|x64.Build.0 = Release|Any CPU
		{102191AE-0866-44DF-907E-ED49F4FB69DC}.Release|x86.ActiveCfg = Release|Any CPU
		{102191AE-0866-44DF-907E-ED49F4FB69DC}.Release|x86.Build.0 = Release|Any CPU
		{0B06786E-00D8-4FB1-930E-ED9C73841294}.Debug|Any CPU.ActiveCfg = Debug|Any CPU
		{0B06786E-00D8-4FB1-930E-ED9C73841294}.Debug|Any CPU.Build.0 = Debug|Any CPU
		{0B06786E-00D8-4FB1-930E-ED9C73841294}.Debug|x64.ActiveCfg = Debug|Any CPU
		{0B06786E-00D8-4FB1-930E-ED9C73841294}.Debug|x64.Build.0 = Debug|Any CPU
		{0B06786E-00D8-4FB1-930E-ED9C73841294}.Debug|x86.ActiveCfg = Debug|Any CPU
		{0B06786E-00D8-4FB1-930E-ED9C73841294}.Debug|x86.Build.0 = Debug|Any CPU
		{0B06786E-00D8-4FB1-930E-ED9C73841294}.Release|Any CPU.ActiveCfg = Release|Any CPU
		{0B06786E-00D8-4FB1-930E-ED9C73841294}.Release|Any CPU.Build.0 = Release|Any CPU
		{0B06786E-00D8-4FB1-930E-ED9C73841294}.Release|x64.ActiveCfg = Release|Any CPU
		{0B06786E-00D8-4FB1-930E-ED9C73841294}.Release|x64.Build.0 = Release|Any CPU
		{0B06786E-00D8-4FB1-930E-ED9C73841294}.Release|x86.ActiveCfg = Release|Any CPU
		{0B06786E-00D8-4FB1-930E-ED9C73841294}.Release|x86.Build.0 = Release|Any CPU
		{F578F885-E3BF-4F20-B8BF-CE9F11D743BE}.Debug|Any CPU.ActiveCfg = Debug|Any CPU
		{F578F885-E3BF-4F20-B8BF-CE9F11D743BE}.Debug|Any CPU.Build.0 = Debug|Any CPU
		{F578F885-E3BF-4F20-B8BF-CE9F11D743BE}.Debug|x64.ActiveCfg = Debug|Any CPU
		{F578F885-E3BF-4F20-B8BF-CE9F11D743BE}.Debug|x64.Build.0 = Debug|Any CPU
		{F578F885-E3BF-4F20-B8BF-CE9F11D743BE}.Debug|x86.ActiveCfg = Debug|Any CPU
		{F578F885-E3BF-4F20-B8BF-CE9F11D743BE}.Debug|x86.Build.0 = Debug|Any CPU
		{F578F885-E3BF-4F20-B8BF-CE9F11D743BE}.Release|Any CPU.ActiveCfg = Release|Any CPU
		{F578F885-E3BF-4F20-B8BF-CE9F11D743BE}.Release|Any CPU.Build.0 = Release|Any CPU
		{F578F885-E3BF-4F20-B8BF-CE9F11D743BE}.Release|x64.ActiveCfg = Release|Any CPU
		{F578F885-E3BF-4F20-B8BF-CE9F11D743BE}.Release|x64.Build.0 = Release|Any CPU
		{F578F885-E3BF-4F20-B8BF-CE9F11D743BE}.Release|x86.ActiveCfg = Release|Any CPU
		{F578F885-E3BF-4F20-B8BF-CE9F11D743BE}.Release|x86.Build.0 = Release|Any CPU
		{5009C202-50E0-4DA3-AC82-B9A8C3B8C4E0}.Debug|Any CPU.ActiveCfg = Debug|Any CPU
		{5009C202-50E0-4DA3-AC82-B9A8C3B8C4E0}.Debug|Any CPU.Build.0 = Debug|Any CPU
		{5009C202-50E0-4DA3-AC82-B9A8C3B8C4E0}.Debug|x64.ActiveCfg = Debug|Any CPU
		{5009C202-50E0-4DA3-AC82-B9A8C3B8C4E0}.Debug|x64.Build.0 = Debug|Any CPU
		{5009C202-50E0-4DA3-AC82-B9A8C3B8C4E0}.Debug|x86.ActiveCfg = Debug|Any CPU
		{5009C202-50E0-4DA3-AC82-B9A8C3B8C4E0}.Debug|x86.Build.0 = Debug|Any CPU
		{5009C202-50E0-4DA3-AC82-B9A8C3B8C4E0}.Release|Any CPU.ActiveCfg = Release|Any CPU
		{5009C202-50E0-4DA3-AC82-B9A8C3B8C4E0}.Release|Any CPU.Build.0 = Release|Any CPU
		{5009C202-50E0-4DA3-AC82-B9A8C3B8C4E0}.Release|x64.ActiveCfg = Release|Any CPU
		{5009C202-50E0-4DA3-AC82-B9A8C3B8C4E0}.Release|x64.Build.0 = Release|Any CPU
		{5009C202-50E0-4DA3-AC82-B9A8C3B8C4E0}.Release|x86.ActiveCfg = Release|Any CPU
		{5009C202-50E0-4DA3-AC82-B9A8C3B8C4E0}.Release|x86.Build.0 = Release|Any CPU
	EndGlobalSection
	GlobalSection(NestedProjects) = preSolution
		{E08188AD-314C-458C-A15A-DB3B4118DE74} = {6F8CD331-308C-49F5-8774-ADB1BC80DE79}
		{F3E53695-FB00-4412-AE92-853096A6B822} = {6F8CD331-308C-49F5-8774-ADB1BC80DE79}
		{47DC8F18-970B-4F0E-AB14-1672C71D98E0} = {6F8CD331-308C-49F5-8774-ADB1BC80DE79}
		{7C440E9E-1A1D-46DC-A310-9DDCAF76E42A} = {47DC8F18-970B-4F0E-AB14-1672C71D98E0}
		{102191AE-0866-44DF-907E-ED49F4FB69DC} = {47DC8F18-970B-4F0E-AB14-1672C71D98E0}
		{0B06786E-00D8-4FB1-930E-ED9C73841294} = {47DC8F18-970B-4F0E-AB14-1672C71D98E0}
		{30849A46-F601-4CE9-B261-14F71B534FAA} = {6F8CD331-308C-49F5-8774-ADB1BC80DE79}
		{F578F885-E3BF-4F20-B8BF-CE9F11D743BE} = {30849A46-F601-4CE9-B261-14F71B534FAA}
		{26D8E59E-C72E-4DDB-B522-ED2A4D67EA23} = {6F8CD331-308C-49F5-8774-ADB1BC80DE79}
		{5009C202-50E0-4DA3-AC82-B9A8C3B8C4E0} = {26D8E59E-C72E-4DDB-B522-ED2A4D67EA23}
	EndGlobalSection
EndGlobal
